// !$*UTF8*$!
{
	archiveVersion = 1;
	classes = {
	};
	objectVersion = 55;
	objects = {

/* Begin PBXBuildFile section */
		BA7B018227B2B042009ED8E7 /* Alamofire in Frameworks */ = {isa = PBXBuildFile; productRef = BA7B018127B2B042009ED8E7 /* Alamofire */; };
		BA7B018527B2B61A009ED8E7 /* RestoListController.swift in Sources */ = {isa = PBXBuildFile; fileRef = BA7B018427B2B619009ED8E7 /* RestoListController.swift */; };
		BA7B018727B2B940009ED8E7 /* RestoDetailController.swift in Sources */ = {isa = PBXBuildFile; fileRef = BA7B018627B2B940009ED8E7 /* RestoDetailController.swift */; };
		BA7B018927B2B973009ED8E7 /* RestoDetailProvider.swift in Sources */ = {isa = PBXBuildFile; fileRef = BA7B018827B2B973009ED8E7 /* RestoDetailProvider.swift */; };
		BA8B886827B23B200052F1B5 /* DetailView.swift in Sources */ = {isa = PBXBuildFile; fileRef = BA8B886727B23B200052F1B5 /* DetailView.swift */; };
		BA8B886A27B23CC10052F1B5 /* DetailRestaurant.swift in Sources */ = {isa = PBXBuildFile; fileRef = BA8B886927B23CC10052F1B5 /* DetailRestaurant.swift */; };
		BA8B886D27B28B890052F1B5 /* RestoListProvider.swift in Sources */ = {isa = PBXBuildFile; fileRef = BA8B886C27B28B890052F1B5 /* RestoListProvider.swift */; };
		BAC282A527B152F400DF076C /* restolistApp.swift in Sources */ = {isa = PBXBuildFile; fileRef = BAC282A427B152F400DF076C /* restolistApp.swift */; };
		BAC282A727B152F400DF076C /* ContentView.swift in Sources */ = {isa = PBXBuildFile; fileRef = BAC282A627B152F400DF076C /* ContentView.swift */; };
		BAC282A927B152F600DF076C /* Assets.xcassets in Resources */ = {isa = PBXBuildFile; fileRef = BAC282A827B152F600DF076C /* Assets.xcassets */; };
		BAC282AC27B152F600DF076C /* Preview Assets.xcassets in Resources */ = {isa = PBXBuildFile; fileRef = BAC282AB27B152F600DF076C /* Preview Assets.xcassets */; };
		BAC282B627B152F600DF076C /* restolistTests.swift in Sources */ = {isa = PBXBuildFile; fileRef = BAC282B527B152F600DF076C /* restolistTests.swift */; };
		BAC282C027B152F600DF076C /* restolistUITests.swift in Sources */ = {isa = PBXBuildFile; fileRef = BAC282BF27B152F600DF076C /* restolistUITests.swift */; };
		BAC282C227B152F600DF076C /* restolistUITestsLaunchTests.swift in Sources */ = {isa = PBXBuildFile; fileRef = BAC282C127B152F600DF076C /* restolistUITestsLaunchTests.swift */; };
		BAC282D027B1E2A700DF076C /* RestoList.swift in Sources */ = {isa = PBXBuildFile; fileRef = BAC282CF27B1E2A700DF076C /* RestoList.swift */; };
		BAC282D327B1EE1500DF076C /* NetworkImage in Frameworks */ = {isa = PBXBuildFile; productRef = BAC282D227B1EE1500DF076C /* NetworkImage */; };
		BAC282D627B1EF2F00DF076C /* CTRating in Frameworks */ = {isa = PBXBuildFile; productRef = BAC282D527B1EF2F00DF076C /* CTRating */; };
		BAC282D927B21D5200DF076C /* AboutPageView.swift in Sources */ = {isa = PBXBuildFile; fileRef = BAC282D827B21D5200DF076C /* AboutPageView.swift */; };
/* End PBXBuildFile section */

/* Begin PBXContainerItemProxy section */
		BAC282B227B152F600DF076C /* PBXContainerItemProxy */ = {
			isa = PBXContainerItemProxy;
			containerPortal = BAC2829927B152F400DF076C /* Project object */;
			proxyType = 1;
			remoteGlobalIDString = BAC282A027B152F400DF076C;
			remoteInfo = restolist;
		};
		BAC282BC27B152F600DF076C /* PBXContainerItemProxy */ = {
			isa = PBXContainerItemProxy;
			containerPortal = BAC2829927B152F400DF076C /* Project object */;
			proxyType = 1;
			remoteGlobalIDString = BAC282A027B152F400DF076C;
			remoteInfo = restolist;
		};
/* End PBXContainerItemProxy section */

/* Begin PBXFileReference section */
		BA7B018427B2B619009ED8E7 /* RestoListController.swift */ = {isa = PBXFileReference; lastKnownFileType = sourcecode.swift; path = RestoListController.swift; sourceTree = "<group>"; };
		BA7B018627B2B940009ED8E7 /* RestoDetailController.swift */ = {isa = PBXFileReference; lastKnownFileType = sourcecode.swift; path = RestoDetailController.swift; sourceTree = "<group>"; };
		BA7B018827B2B973009ED8E7 /* RestoDetailProvider.swift */ = {isa = PBXFileReference; lastKnownFileType = sourcecode.swift; path = RestoDetailProvider.swift; sourceTree = "<group>"; };
		BA8B886727B23B200052F1B5 /* DetailView.swift */ = {isa = PBXFileReference; lastKnownFileType = sourcecode.swift; path = DetailView.swift; sourceTree = "<group>"; };
		BA8B886927B23CC10052F1B5 /* DetailRestaurant.swift */ = {isa = PBXFileReference; lastKnownFileType = sourcecode.swift; path = DetailRestaurant.swift; sourceTree = "<group>"; };
		BA8B886C27B28B890052F1B5 /* RestoListProvider.swift */ = {isa = PBXFileReference; lastKnownFileType = sourcecode.swift; path = RestoListProvider.swift; sourceTree = "<group>"; };
		BAC282A127B152F400DF076C /* restolist.app */ = {isa = PBXFileReference; explicitFileType = wrapper.application; includeInIndex = 0; path = restolist.app; sourceTree = BUILT_PRODUCTS_DIR; };
		BAC282A427B152F400DF076C /* restolistApp.swift */ = {isa = PBXFileReference; lastKnownFileType = sourcecode.swift; path = restolistApp.swift; sourceTree = "<group>"; };
		BAC282A627B152F400DF076C /* ContentView.swift */ = {isa = PBXFileReference; lastKnownFileType = sourcecode.swift; path = ContentView.swift; sourceTree = "<group>"; };
		BAC282A827B152F600DF076C /* Assets.xcassets */ = {isa = PBXFileReference; lastKnownFileType = folder.assetcatalog; path = Assets.xcassets; sourceTree = "<group>"; };
		BAC282AB27B152F600DF076C /* Preview Assets.xcassets */ = {isa = PBXFileReference; lastKnownFileType = folder.assetcatalog; path = "Preview Assets.xcassets"; sourceTree = "<group>"; };
		BAC282B127B152F600DF076C /* restolistTests.xctest */ = {isa = PBXFileReference; explicitFileType = wrapper.cfbundle; includeInIndex = 0; path = restolistTests.xctest; sourceTree = BUILT_PRODUCTS_DIR; };
		BAC282B527B152F600DF076C /* restolistTests.swift */ = {isa = PBXFileReference; lastKnownFileType = sourcecode.swift; path = restolistTests.swift; sourceTree = "<group>"; };
		BAC282BB27B152F600DF076C /* restolistUITests.xctest */ = {isa = PBXFileReference; explicitFileType = wrapper.cfbundle; includeInIndex = 0; path = restolistUITests.xctest; sourceTree = BUILT_PRODUCTS_DIR; };
		BAC282BF27B152F600DF076C /* restolistUITests.swift */ = {isa = PBXFileReference; lastKnownFileType = sourcecode.swift; path = restolistUITests.swift; sourceTree = "<group>"; };
		BAC282C127B152F600DF076C /* restolistUITestsLaunchTests.swift */ = {isa = PBXFileReference; lastKnownFileType = sourcecode.swift; path = restolistUITestsLaunchTests.swift; sourceTree = "<group>"; };
		BAC282CF27B1E2A700DF076C /* RestoList.swift */ = {isa = PBXFileReference; lastKnownFileType = sourcecode.swift; path = RestoList.swift; sourceTree = "<group>"; };
		BAC282D827B21D5200DF076C /* AboutPageView.swift */ = {isa = PBXFileReference; lastKnownFileType = sourcecode.swift; path = AboutPageView.swift; sourceTree = "<group>"; };
/* End PBXFileReference section */

/* Begin PBXFrameworksBuildPhase section */
		BAC2829E27B152F400DF076C /* Frameworks */ = {
			isa = PBXFrameworksBuildPhase;
			buildActionMask = 2147483647;
			files = (
				BA7B018227B2B042009ED8E7 /* Alamofire in Frameworks */,
				BAC282D627B1EF2F00DF076C /* CTRating in Frameworks */,
				BAC282D327B1EE1500DF076C /* NetworkImage in Frameworks */,
			);
			runOnlyForDeploymentPostprocessing = 0;
		};
		BAC282AE27B152F600DF076C /* Frameworks */ = {
			isa = PBXFrameworksBuildPhase;
			buildActionMask = 2147483647;
			files = (
			);
			runOnlyForDeploymentPostprocessing = 0;
		};
		BAC282B827B152F600DF076C /* Frameworks */ = {
			isa = PBXFrameworksBuildPhase;
			buildActionMask = 2147483647;
			files = (
			);
			runOnlyForDeploymentPostprocessing = 0;
		};
/* End PBXFrameworksBuildPhase section */

/* Begin PBXGroup section */
		BA7B018327B2B603009ED8E7 /* controller */ = {
			isa = PBXGroup;
			children = (
				BA7B018427B2B619009ED8E7 /* RestoListController.swift */,
				BA7B018627B2B940009ED8E7 /* RestoDetailController.swift */,
			);
			path = controller;
			sourceTree = "<group>";
		};
		BA8B886B27B28B6D0052F1B5 /* provider */ = {
			isa = PBXGroup;
			children = (
				BA8B886C27B28B890052F1B5 /* RestoListProvider.swift */,
				BA7B018827B2B973009ED8E7 /* RestoDetailProvider.swift */,
			);
			path = provider;
			sourceTree = "<group>";
		};
		BAC2829827B152F400DF076C = {
			isa = PBXGroup;
			children = (
				BAC282A327B152F400DF076C /* restolist */,
				BAC282B427B152F600DF076C /* restolistTests */,
				BAC282BE27B152F600DF076C /* restolistUITests */,
				BAC282A227B152F400DF076C /* Products */,
			);
			sourceTree = "<group>";
		};
		BAC282A227B152F400DF076C /* Products */ = {
			isa = PBXGroup;
			children = (
				BAC282A127B152F400DF076C /* restolist.app */,
				BAC282B127B152F600DF076C /* restolistTests.xctest */,
				BAC282BB27B152F600DF076C /* restolistUITests.xctest */,
			);
			name = Products;
			sourceTree = "<group>";
		};
		BAC282A327B152F400DF076C /* restolist */ = {
			isa = PBXGroup;
			children = (
				BA7B018327B2B603009ED8E7 /* controller */,
				BA8B886B27B28B6D0052F1B5 /* provider */,
				BAC282D727B2105C00DF076C /* view */,
				BAC282CE27B1E26100DF076C /* model */,
				BAC282A427B152F400DF076C /* restolistApp.swift */,
				BAC282A827B152F600DF076C /* Assets.xcassets */,
				BAC282AA27B152F600DF076C /* Preview Content */,
			);
			path = restolist;
			sourceTree = "<group>";
		};
		BAC282AA27B152F600DF076C /* Preview Content */ = {
			isa = PBXGroup;
			children = (
				BAC282AB27B152F600DF076C /* Preview Assets.xcassets */,
			);
			path = "Preview Content";
			sourceTree = "<group>";
		};
		BAC282B427B152F600DF076C /* restolistTests */ = {
			isa = PBXGroup;
			children = (
				BAC282B527B152F600DF076C /* restolistTests.swift */,
			);
			path = restolistTests;
			sourceTree = "<group>";
		};
		BAC282BE27B152F600DF076C /* restolistUITests */ = {
			isa = PBXGroup;
			children = (
				BAC282BF27B152F600DF076C /* restolistUITests.swift */,
				BAC282C127B152F600DF076C /* restolistUITestsLaunchTests.swift */,
			);
			path = restolistUITests;
			sourceTree = "<group>";
		};
		BAC282CE27B1E26100DF076C /* model */ = {
			isa = PBXGroup;
			children = (
				BAC282CF27B1E2A700DF076C /* RestoList.swift */,
				BA8B886927B23CC10052F1B5 /* DetailRestaurant.swift */,
			);
			path = model;
			sourceTree = "<group>";
		};
		BAC282D727B2105C00DF076C /* view */ = {
			isa = PBXGroup;
			children = (
				BAC282A627B152F400DF076C /* ContentView.swift */,
				BAC282D827B21D5200DF076C /* AboutPageView.swift */,
				BA8B886727B23B200052F1B5 /* DetailView.swift */,
			);
			path = view;
			sourceTree = "<group>";
		};
/* End PBXGroup section */

/* Begin PBXNativeTarget section */
		BAC282A027B152F400DF076C /* restolist */ = {
			isa = PBXNativeTarget;
			buildConfigurationList = BAC282C527B152F600DF076C /* Build configuration list for PBXNativeTarget "restolist" */;
			buildPhases = (
				BAC2829D27B152F400DF076C /* Sources */,
				BAC2829E27B152F400DF076C /* Frameworks */,
				BAC2829F27B152F400DF076C /* Resources */,
			);
			buildRules = (
			);
			dependencies = (
			);
			name = restolist;
			packageProductDependencies = (
				BAC282D227B1EE1500DF076C /* NetworkImage */,
				BAC282D527B1EF2F00DF076C /* CTRating */,
				BA7B018127B2B042009ED8E7 /* Alamofire */,
			);
			productName = restolist;
			productReference = BAC282A127B152F400DF076C /* restolist.app */;
			productType = "com.apple.product-type.application";
		};
		BAC282B027B152F600DF076C /* restolistTests */ = {
			isa = PBXNativeTarget;
			buildConfigurationList = BAC282C827B152F600DF076C /* Build configuration list for PBXNativeTarget "restolistTests" */;
			buildPhases = (
				BAC282AD27B152F600DF076C /* Sources */,
				BAC282AE27B152F600DF076C /* Frameworks */,
				BAC282AF27B152F600DF076C /* Resources */,
			);
			buildRules = (
			);
			dependencies = (
				BAC282B327B152F600DF076C /* PBXTargetDependency */,
			);
			name = restolistTests;
			productName = restolistTests;
			productReference = BAC282B127B152F600DF076C /* restolistTests.xctest */;
			productType = "com.apple.product-type.bundle.unit-test";
		};
		BAC282BA27B152F600DF076C /* restolistUITests */ = {
			isa = PBXNativeTarget;
			buildConfigurationList = BAC282CB27B152F600DF076C /* Build configuration list for PBXNativeTarget "restolistUITests" */;
			buildPhases = (
				BAC282B727B152F600DF076C /* Sources */,
				BAC282B827B152F600DF076C /* Frameworks */,
				BAC282B927B152F600DF076C /* Resources */,
			);
			buildRules = (
			);
			dependencies = (
				BAC282BD27B152F600DF076C /* PBXTargetDependency */,
			);
			name = restolistUITests;
			productName = restolistUITests;
			productReference = BAC282BB27B152F600DF076C /* restolistUITests.xctest */;
			productType = "com.apple.product-type.bundle.ui-testing";
		};
/* End PBXNativeTarget section */

/* Begin PBXProject section */
		BAC2829927B152F400DF076C /* Project object */ = {
			isa = PBXProject;
			attributes = {
				BuildIndependentTargetsInParallel = 1;
				LastSwiftUpdateCheck = 1320;
				LastUpgradeCheck = 1320;
				TargetAttributes = {
					BAC282A027B152F400DF076C = {
						CreatedOnToolsVersion = 13.2.1;
					};
					BAC282B027B152F600DF076C = {
						CreatedOnToolsVersion = 13.2.1;
						TestTargetID = BAC282A027B152F400DF076C;
					};
					BAC282BA27B152F600DF076C = {
						CreatedOnToolsVersion = 13.2.1;
						TestTargetID = BAC282A027B152F400DF076C;
					};
				};
			};
			buildConfigurationList = BAC2829C27B152F400DF076C /* Build configuration list for PBXProject "restolist" */;
			compatibilityVersion = "Xcode 13.0";
			developmentRegion = en;
			hasScannedForEncodings = 0;
			knownRegions = (
				en,
				Base,
			);
			mainGroup = BAC2829827B152F400DF076C;
			packageReferences = (
				BAC282D127B1EE1500DF076C /* XCRemoteSwiftPackageReference "NetworkImage" */,
				BAC282D427B1EF2E00DF076C /* XCRemoteSwiftPackageReference "CTRating" */,
				BA7B018027B2B042009ED8E7 /* XCRemoteSwiftPackageReference "Alamofire" */,
			);
			productRefGroup = BAC282A227B152F400DF076C /* Products */;
			projectDirPath = "";
			projectRoot = "";
			targets = (
				BAC282A027B152F400DF076C /* restolist */,
				BAC282B027B152F600DF076C /* restolistTests */,
				BAC282BA27B152F600DF076C /* restolistUITests */,
			);
		};
/* End PBXProject section */

/* Begin PBXResourcesBuildPhase section */
		BAC2829F27B152F400DF076C /* Resources */ = {
			isa = PBXResourcesBuildPhase;
			buildActionMask = 2147483647;
			files = (
				BAC282AC27B152F600DF076C /* Preview Assets.xcassets in Resources */,
				BAC282A927B152F600DF076C /* Assets.xcassets in Resources */,
			);
			runOnlyForDeploymentPostprocessing = 0;
		};
		BAC282AF27B152F600DF076C /* Resources */ = {
			isa = PBXResourcesBuildPhase;
			buildActionMask = 2147483647;
			files = (
			);
			runOnlyForDeploymentPostprocessing = 0;
		};
		BAC282B927B152F600DF076C /* Resources */ = {
			isa = PBXResourcesBuildPhase;
			buildActionMask = 2147483647;
			files = (
			);
			runOnlyForDeploymentPostprocessing = 0;
		};
/* End PBXResourcesBuildPhase section */

/* Begin PBXSourcesBuildPhase section */
		BAC2829D27B152F400DF076C /* Sources */ = {
			isa = PBXSourcesBuildPhase;
			buildActionMask = 2147483647;
			files = (
				BAC282A727B152F400DF076C /* ContentView.swift in Sources */,
				BA7B018527B2B61A009ED8E7 /* RestoListController.swift in Sources */,
				BA7B018727B2B940009ED8E7 /* RestoDetailController.swift in Sources */,
				BAC282D927B21D5200DF076C /* AboutPageView.swift in Sources */,
				BA8B886D27B28B890052F1B5 /* RestoListProvider.swift in Sources */,
				BAC282A527B152F400DF076C /* restolistApp.swift in Sources */,
				BA8B886827B23B200052F1B5 /* DetailView.swift in Sources */,
				BA7B018927B2B973009ED8E7 /* RestoDetailProvider.swift in Sources */,
				BAC282D027B1E2A700DF076C /* RestoList.swift in Sources */,
				BA8B886A27B23CC10052F1B5 /* DetailRestaurant.swift in Sources */,
			);
			runOnlyForDeploymentPostprocessing = 0;
		};
		BAC282AD27B152F600DF076C /* Sources */ = {
			isa = PBXSourcesBuildPhase;
			buildActionMask = 2147483647;
			files = (
				BAC282B627B152F600DF076C /* restolistTests.swift in Sources */,
			);
			runOnlyForDeploymentPostprocessing = 0;
		};
		BAC282B727B152F600DF076C /* Sources */ = {
			isa = PBXSourcesBuildPhase;
			buildActionMask = 2147483647;
			files = (
				BAC282C227B152F600DF076C /* restolistUITestsLaunchTests.swift in Sources */,
				BAC282C027B152F600DF076C /* restolistUITests.swift in Sources */,
			);
			runOnlyForDeploymentPostprocessing = 0;
		};
/* End PBXSourcesBuildPhase section */

/* Begin PBXTargetDependency section */
		BAC282B327B152F600DF076C /* PBXTargetDependency */ = {
			isa = PBXTargetDependency;
			target = BAC282A027B152F400DF076C /* restolist */;
			targetProxy = BAC282B227B152F600DF076C /* PBXContainerItemProxy */;
		};
		BAC282BD27B152F600DF076C /* PBXTargetDependency */ = {
			isa = PBXTargetDependency;
			target = BAC282A027B152F400DF076C /* restolist */;
			targetProxy = BAC282BC27B152F600DF076C /* PBXContainerItemProxy */;
		};
/* End PBXTargetDependency section */

/* Begin XCBuildConfiguration section */
		BAC282C327B152F600DF076C /* Debug */ = {
			isa = XCBuildConfiguration;
			buildSettings = {
				ALWAYS_SEARCH_USER_PATHS = NO;
				CLANG_ANALYZER_NONNULL = YES;
				CLANG_ANALYZER_NUMBER_OBJECT_CONVERSION = YES_AGGRESSIVE;
				CLANG_CXX_LANGUAGE_STANDARD = "gnu++17";
				CLANG_CXX_LIBRARY = "libc++";
				CLANG_ENABLE_MODULES = YES;
				CLANG_ENABLE_OBJC_ARC = YES;
				CLANG_ENABLE_OBJC_WEAK = YES;
				CLANG_WARN_BLOCK_CAPTURE_AUTORELEASING = YES;
				CLANG_WARN_BOOL_CONVERSION = YES;
				CLANG_WARN_COMMA = YES;
				CLANG_WARN_CONSTANT_CONVERSION = YES;
				CLANG_WARN_DEPRECATED_OBJC_IMPLEMENTATIONS = YES;
				CLANG_WARN_DIRECT_OBJC_ISA_USAGE = YES_ERROR;
				CLANG_WARN_DOCUMENTATION_COMMENTS = YES;
				CLANG_WARN_EMPTY_BODY = YES;
				CLANG_WARN_ENUM_CONVERSION = YES;
				CLANG_WARN_INFINITE_RECURSION = YES;
				CLANG_WARN_INT_CONVERSION = YES;
				CLANG_WARN_NON_LITERAL_NULL_CONVERSION = YES;
				CLANG_WARN_OBJC_IMPLICIT_RETAIN_SELF = YES;
				CLANG_WARN_OBJC_LITERAL_CONVERSION = YES;
				CLANG_WARN_OBJC_ROOT_CLASS = YES_ERROR;
				CLANG_WARN_QUOTED_INCLUDE_IN_FRAMEWORK_HEADER = YES;
				CLANG_WARN_RANGE_LOOP_ANALYSIS = YES;
				CLANG_WARN_STRICT_PROTOTYPES = YES;
				CLANG_WARN_SUSPICIOUS_MOVE = YES;
				CLANG_WARN_UNGUARDED_AVAILABILITY = YES_AGGRESSIVE;
				CLANG_WARN_UNREACHABLE_CODE = YES;
				CLANG_WARN__DUPLICATE_METHOD_MATCH = YES;
				COPY_PHASE_STRIP = NO;
				DEBUG_INFORMATION_FORMAT = dwarf;
				ENABLE_STRICT_OBJC_MSGSEND = YES;
				ENABLE_TESTABILITY = YES;
				GCC_C_LANGUAGE_STANDARD = gnu11;
				GCC_DYNAMIC_NO_PIC = NO;
				GCC_NO_COMMON_BLOCKS = YES;
				GCC_OPTIMIZATION_LEVEL = 0;
				GCC_PREPROCESSOR_DEFINITIONS = (
					"DEBUG=1",
					"$(inherited)",
				);
				GCC_WARN_64_TO_32_BIT_CONVERSION = YES;
				GCC_WARN_ABOUT_RETURN_TYPE = YES_ERROR;
				GCC_WARN_UNDECLARED_SELECTOR = YES;
				GCC_WARN_UNINITIALIZED_AUTOS = YES_AGGRESSIVE;
				GCC_WARN_UNUSED_FUNCTION = YES;
				GCC_WARN_UNUSED_VARIABLE = YES;
				IPHONEOS_DEPLOYMENT_TARGET = 15.2;
				MTL_ENABLE_DEBUG_INFO = INCLUDE_SOURCE;
				MTL_FAST_MATH = YES;
				ONLY_ACTIVE_ARCH = YES;
				SDKROOT = iphoneos;
				SWIFT_ACTIVE_COMPILATION_CONDITIONS = DEBUG;
				SWIFT_OPTIMIZATION_LEVEL = "-Onone";
			};
			name = Debug;
		};
		BAC282C427B152F600DF076C /* Release */ = {
			isa = XCBuildConfiguration;
			buildSettings = {
				ALWAYS_SEARCH_USER_PATHS = NO;
				CLANG_ANALYZER_NONNULL = YES;
				CLANG_ANALYZER_NUMBER_OBJECT_CONVERSION = YES_AGGRESSIVE;
				CLANG_CXX_LANGUAGE_STANDARD = "gnu++17";
				CLANG_CXX_LIBRARY = "libc++";
				CLANG_ENABLE_MODULES = YES;
				CLANG_ENABLE_OBJC_ARC = YES;
				CLANG_ENABLE_OBJC_WEAK = YES;
				CLANG_WARN_BLOCK_CAPTURE_AUTORELEASING = YES;
				CLANG_WARN_BOOL_CONVERSION = YES;
				CLANG_WARN_COMMA = YES;
				CLANG_WARN_CONSTANT_CONVERSION = YES;
				CLANG_WARN_DEPRECATED_OBJC_IMPLEMENTATIONS = YES;
				CLANG_WARN_DIRECT_OBJC_ISA_USAGE = YES_ERROR;
				CLANG_WARN_DOCUMENTATION_COMMENTS = YES;
				CLANG_WARN_EMPTY_BODY = YES;
				CLANG_WARN_ENUM_CONVERSION = YES;
				CLANG_WARN_INFINITE_RECURSION = YES;
				CLANG_WARN_INT_CONVERSION = YES;
				CLANG_WARN_NON_LITERAL_NULL_CONVERSION = YES;
				CLANG_WARN_OBJC_IMPLICIT_RETAIN_SELF = YES;
				CLANG_WARN_OBJC_LITERAL_CONVERSION = YES;
				CLANG_WARN_OBJC_ROOT_CLASS = YES_ERROR;
				CLANG_WARN_QUOTED_INCLUDE_IN_FRAMEWORK_HEADER = YES;
				CLANG_WARN_RANGE_LOOP_ANALYSIS = YES;
				CLANG_WARN_STRICT_PROTOTYPES = YES;
				CLANG_WARN_SUSPICIOUS_MOVE = YES;
				CLANG_WARN_UNGUARDED_AVAILABILITY = YES_AGGRESSIVE;
				CLANG_WARN_UNREACHABLE_CODE = YES;
				CLANG_WARN__DUPLICATE_METHOD_MATCH = YES;
				COPY_PHASE_STRIP = NO;
				DEBUG_INFORMATION_FORMAT = "dwarf-with-dsym";
				ENABLE_NS_ASSERTIONS = NO;
				ENABLE_STRICT_OBJC_MSGSEND = YES;
				GCC_C_LANGUAGE_STANDARD = gnu11;
				GCC_NO_COMMON_BLOCKS = YES;
				GCC_WARN_64_TO_32_BIT_CONVERSION = YES;
				GCC_WARN_ABOUT_RETURN_TYPE = YES_ERROR;
				GCC_WARN_UNDECLARED_SELECTOR = YES;
				GCC_WARN_UNINITIALIZED_AUTOS = YES_AGGRESSIVE;
				GCC_WARN_UNUSED_FUNCTION = YES;
				GCC_WARN_UNUSED_VARIABLE = YES;
				IPHONEOS_DEPLOYMENT_TARGET = 15.2;
				MTL_ENABLE_DEBUG_INFO = NO;
				MTL_FAST_MATH = YES;
				SDKROOT = iphoneos;
				SWIFT_COMPILATION_MODE = wholemodule;
				SWIFT_OPTIMIZATION_LEVEL = "-O";
				VALIDATE_PRODUCT = YES;
			};
			name = Release;
		};
		BAC282C627B152F600DF076C /* Debug */ = {
			isa = XCBuildConfiguration;
			buildSettings = {
				ASSETCATALOG_COMPILER_APPICON_NAME = AppIcon;
				ASSETCATALOG_COMPILER_GLOBAL_ACCENT_COLOR_NAME = AccentColor;
				CODE_SIGN_STYLE = Automatic;
				CURRENT_PROJECT_VERSION = 1;
				DEVELOPMENT_ASSET_PATHS = "\"restolist/Preview Content\"";
				DEVELOPMENT_TEAM = UBQN8N734M;
				ENABLE_PREVIEWS = YES;
				GENERATE_INFOPLIST_FILE = YES;
				INFOPLIST_FILE = "";
				INFOPLIST_KEY_UIApplicationSceneManifest_Generation = YES;
				INFOPLIST_KEY_UIApplicationSupportsIndirectInputEvents = YES;
				INFOPLIST_KEY_UILaunchScreen_Generation = YES;
				INFOPLIST_KEY_UISupportedInterfaceOrientations_iPad = "UIInterfaceOrientationPortrait UIInterfaceOrientationPortraitUpsideDown UIInterfaceOrientationLandscapeLeft UIInterfaceOrientationLandscapeRight";
				INFOPLIST_KEY_UISupportedInterfaceOrientations_iPhone = "UIInterfaceOrientationPortrait UIInterfaceOrientationLandscapeLeft UIInterfaceOrientationLandscapeRight";
				LD_RUNPATH_SEARCH_PATHS = (
					"$(inherited)",
					"@executable_path/Frameworks",
				);
				MARKETING_VERSION = 1.0;
				PRODUCT_BUNDLE_IDENTIFIER = DarkshanDev.restolist;
				PRODUCT_NAME = "$(TARGET_NAME)";
				SWIFT_EMIT_LOC_STRINGS = YES;
				SWIFT_VERSION = 5.0;
				TARGETED_DEVICE_FAMILY = "1,2";
			};
			name = Debug;
		};
		BAC282C727B152F600DF076C /* Release */ = {
			isa = XCBuildConfiguration;
			buildSettings = {
				ASSETCATALOG_COMPILER_APPICON_NAME = AppIcon;
				ASSETCATALOG_COMPILER_GLOBAL_ACCENT_COLOR_NAME = AccentColor;
				CODE_SIGN_STYLE = Automatic;
				CURRENT_PROJECT_VERSION = 1;
				DEVELOPMENT_ASSET_PATHS = "\"restolist/Preview Content\"";
				DEVELOPMENT_TEAM = UBQN8N734M;
				ENABLE_PREVIEWS = YES;
				GENERATE_INFOPLIST_FILE = YES;
				INFOPLIST_FILE = "";
				INFOPLIST_KEY_UIApplicationSceneManifest_Generation = YES;
				INFOPLIST_KEY_UIApplicationSupportsIndirectInputEvents = YES;
				INFOPLIST_KEY_UILaunchScreen_Generation = YES;
				INFOPLIST_KEY_UISupportedInterfaceOrientations_iPad = "UIInterfaceOrientationPortrait UIInterfaceOrientationPortraitUpsideDown UIInterfaceOrientationLandscapeLeft UIInterfaceOrientationLandscapeRight";
				INFOPLIST_KEY_UISupportedInterfaceOrientations_iPhone = "UIInterfaceOrientationPortrait UIInterfaceOrientationLandscapeLeft UIInterfaceOrientationLandscapeRight";
				LD_RUNPATH_SEARCH_PATHS = (
					"$(inherited)",
					"@executable_path/Frameworks",
				);
				MARKETING_VERSION = 1.0;
				PRODUCT_BUNDLE_IDENTIFIER = DarkshanDev.restolist;
				PRODUCT_NAME = "$(TARGET_NAME)";
				SWIFT_EMIT_LOC_STRINGS = YES;
				SWIFT_VERSION = 5.0;
				TARGETED_DEVICE_FAMILY = "1,2";
			};
			name = Release;
		};
		BAC282C927B152F600DF076C /* Debug */ = {
			isa = XCBuildConfiguration;
			buildSettings = {
				ALWAYS_EMBED_SWIFT_STANDARD_LIBRARIES = YES;
				BUNDLE_LOADER = "$(TEST_HOST)";
				CODE_SIGN_STYLE = Automatic;
				CURRENT_PROJECT_VERSION = 1;
				DEVELOPMENT_TEAM = UBQN8N734M;
				GENERATE_INFOPLIST_FILE = YES;
				IPHONEOS_DEPLOYMENT_TARGET = 15.2;
				MARKETING_VERSION = 1.0;
				PRODUCT_BUNDLE_IDENTIFIER = DarkshanDev.restolistTests;
				PRODUCT_NAME = "$(TARGET_NAME)";
				SWIFT_EMIT_LOC_STRINGS = NO;
				SWIFT_VERSION = 5.0;
				TARGETED_DEVICE_FAMILY = "1,2";
				TEST_HOST = "$(BUILT_PRODUCTS_DIR)/restolist.app/restolist";
			};
			name = Debug;
		};
		BAC282CA27B152F600DF076C /* Release */ = {
			isa = XCBuildConfiguration;
			buildSettings = {
				ALWAYS_EMBED_SWIFT_STANDARD_LIBRARIES = YES;
				BUNDLE_LOADER = "$(TEST_HOST)";
				CODE_SIGN_STYLE = Automatic;
				CURRENT_PROJECT_VERSION = 1;
				DEVELOPMENT_TEAM = UBQN8N734M;
				GENERATE_INFOPLIST_FILE = YES;
				IPHONEOS_DEPLOYMENT_TARGET = 15.2;
				MARKETING_VERSION = 1.0;
				PRODUCT_BUNDLE_IDENTIFIER = DarkshanDev.restolistTests;
				PRODUCT_NAME = "$(TARGET_NAME)";
				SWIFT_EMIT_LOC_STRINGS = NO;
				SWIFT_VERSION = 5.0;
				TARGETED_DEVICE_FAMILY = "1,2";
				TEST_HOST = "$(BUILT_PRODUCTS_DIR)/restolist.app/restolist";
			};
			name = Release;
		};
		BAC282CC27B152F600DF076C /* Debug */ = {
			isa = XCBuildConfiguration;
			buildSettings = {
				ALWAYS_EMBED_SWIFT_STANDARD_LIBRARIES = YES;
				CODE_SIGN_STYLE = Automatic;
				CURRENT_PROJECT_VERSION = 1;
				DEVELOPMENT_TEAM = UBQN8N734M;
				GENERATE_INFOPLIST_FILE = YES;
				MARKETING_VERSION = 1.0;
				PRODUCT_BUNDLE_IDENTIFIER = DarkshanDev.restolistUITests;
				PRODUCT_NAME = "$(TARGET_NAME)";
				SWIFT_EMIT_LOC_STRINGS = NO;
				SWIFT_VERSION = 5.0;
				TARGETED_DEVICE_FAMILY = "1,2";
				TEST_TARGET_NAME = restolist;
			};
			name = Debug;
		};
		BAC282CD27B152F600DF076C /* Release */ = {
			isa = XCBuildConfiguration;
			buildSettings = {
				ALWAYS_EMBED_SWIFT_STANDARD_LIBRARIES = YES;
				CODE_SIGN_STYLE = Automatic;
				CURRENT_PROJECT_VERSION = 1;
				DEVELOPMENT_TEAM = UBQN8N734M;
				GENERATE_INFOPLIST_FILE = YES;
				MARKETING_VERSION = 1.0;
				PRODUCT_BUNDLE_IDENTIFIER = DarkshanDev.restolistUITests;
				PRODUCT_NAME = "$(TARGET_NAME)";
				SWIFT_EMIT_LOC_STRINGS = NO;
				SWIFT_VERSION = 5.0;
				TARGETED_DEVICE_FAMILY = "1,2";
				TEST_TARGET_NAME = restolist;
			};
			name = Release;
		};
/* End XCBuildConfiguration section */

/* Begin XCConfigurationList section */
		BAC2829C27B152F400DF076C /* Build configuration list for PBXProject "restolist" */ = {
			isa = XCConfigurationList;
			buildConfigurations = (
				BAC282C327B152F600DF076C /* Debug */,
				BAC282C427B152F600DF076C /* Release */,
			);
			defaultConfigurationIsVisible = 0;
			defaultConfigurationName = Release;
		};
		BAC282C527B152F600DF076C /* Build configuration list for PBXNativeTarget "restolist" */ = {
			isa = XCConfigurationList;
			buildConfigurations = (
				BAC282C627B152F600DF076C /* Debug */,
				BAC282C727B152F600DF076C /* Release */,
			);
			defaultConfigurationIsVisible = 0;
			defaultConfigurationName = Release;
		};
		BAC282C827B152F600DF076C /* Build configuration list for PBXNativeTarget "restolistTests" */ = {
			isa = XCConfigurationList;
			buildConfigurations = (
				BAC282C927B152F600DF076C /* Debug */,
				BAC282CA27B152F600DF076C /* Release */,
			);
			defaultConfigurationIsVisible = 0;
			defaultConfigurationName = Release;
		};
		BAC282CB27B152F600DF076C /* Build configuration list for PBXNativeTarget "restolistUITests" */ = {
			isa = XCConfigurationList;
			buildConfigurations = (
				BAC282CC27B152F600DF076C /* Debug */,
				BAC282CD27B152F600DF076C /* Release */,
			);
			defaultConfigurationIsVisible = 0;
			defaultConfigurationName = Release;
		};
/* End XCConfigurationList section */

/* Begin XCRemoteSwiftPackageReference section */
		BA7B018027B2B042009ED8E7 /* XCRemoteSwiftPackageReference "Alamofire" */ = {
			isa = XCRemoteSwiftPackageReference;
			repositoryURL = "https://github.com/Alamofire/Alamofire";
			requirement = {
				kind = upToNextMajorVersion;
				minimumVersion = 5.0.0;
			};
		};
		BAC282D127B1EE1500DF076C /* XCRemoteSwiftPackageReference "NetworkImage" */ = {
			isa = XCRemoteSwiftPackageReference;
			repositoryURL = "https://github.com/gonzalezreal/NetworkImage";
			requirement = {
				kind = upToNextMajorVersion;
				minimumVersion = 4.0.0;
			};
		};
		BAC282D427B1EF2E00DF076C /* XCRemoteSwiftPackageReference "CTRating" */ = {
			isa = XCRemoteSwiftPackageReference;
			repositoryURL = "https://github.com/StewartLynch/CTRating";
			requirement = {
				kind = upToNextMajorVersion;
				minimumVersion = 1.0.0;
			};
		};
/* End XCRemoteSwiftPackageReference section */

/* Begin XCSwiftPackageProductDependency section */
		BA7B018127B2B042009ED8E7 /* Alamofire */ = {
			isa = XCSwiftPackageProductDependency;
			package = BA7B018027B2B042009ED8E7 /* XCRemoteSwiftPackageReference "Alamofire" */;
			productName = Alamofire;
		};
		BAC282D227B1EE1500DF076C /* NetworkImage */ = {
			isa = XCSwiftPackageProductDependency;
			package = BAC282D127B1EE1500DF076C /* XCRemoteSwiftPackageReference "NetworkImage" */;
			productName = NetworkImage;
		};
		BAC282D527B1EF2F00DF076C /* CTRating */ = {
			isa = XCSwiftPackageProductDependency;
			package = BAC282D427B1EF2E00DF076C /* XCRemoteSwiftPackageReference "CTRating" */;
			productName = CTRating;
		};
/* End XCSwiftPackageProductDependency section */
	};
	rootObject = BAC2829927B152F400DF076C /* Project object */;
}
